// !$*UTF8*$!
{
	archiveVersion = 1;
	classes = {
	};
	objectVersion = 46;
	objects = {

/* Begin PBXBuildFile section */
		580494531E12B1D100EC8C5B /* CoreDataStack.m in Sources */ = {isa = PBXBuildFile; fileRef = 580494521E12B1D100EC8C5B /* CoreDataStack.m */; };
		5848A77B1E12D091009D38B3 /* RandomUserDetailVC.m in Sources */ = {isa = PBXBuildFile; fileRef = 5848A77A1E12D091009D38B3 /* RandomUserDetailVC.m */; };
		5848A77D1E12D4E7009D38B3 /* Main.storyboard in Resources */ = {isa = PBXBuildFile; fileRef = 5848A77C1E12D4E7009D38B3 /* Main.storyboard */; };
		5848A7801E12E760009D38B3 /* RandomUserDetailCell.m in Sources */ = {isa = PBXBuildFile; fileRef = 5848A77F1E12E760009D38B3 /* RandomUserDetailCell.m */; };
		58E139FC1E129327005BF5E8 /* main.m in Sources */ = {isa = PBXBuildFile; fileRef = 58E139FB1E129327005BF5E8 /* main.m */; };
		58E139FF1E129327005BF5E8 /* AppDelegate.m in Sources */ = {isa = PBXBuildFile; fileRef = 58E139FE1E129327005BF5E8 /* AppDelegate.m */; };
		58E13A021E129327005BF5E8 /* RandomUserListVC.m in Sources */ = {isa = PBXBuildFile; fileRef = 58E13A011E129327005BF5E8 /* RandomUserListVC.m */; };
		58E13A081E129328005BF5E8 /* RandomGuys.xcdatamodeld in Sources */ = {isa = PBXBuildFile; fileRef = 58E13A061E129328005BF5E8 /* RandomGuys.xcdatamodeld */; };
		58E13A0A1E129328005BF5E8 /* Assets.xcassets in Resources */ = {isa = PBXBuildFile; fileRef = 58E13A091E129328005BF5E8 /* Assets.xcassets */; };
		58E13A0D1E129328005BF5E8 /* LaunchScreen.storyboard in Resources */ = {isa = PBXBuildFile; fileRef = 58E13A0B1E129328005BF5E8 /* LaunchScreen.storyboard */; };
		58E13A1B1E129C50005BF5E8 /* FetchRemoteRandomUsers.m in Sources */ = {isa = PBXBuildFile; fileRef = 58E13A1A1E129C50005BF5E8 /* FetchRemoteRandomUsers.m */; };
		58E13A221E129E0B005BF5E8 /* Operation.m in Sources */ = {isa = PBXBuildFile; fileRef = 58E13A211E129E0B005BF5E8 /* Operation.m */; };
		58E13A271E12AA0D005BF5E8 /* RandomUserCell.m in Sources */ = {isa = PBXBuildFile; fileRef = 58E13A261E12AA0D005BF5E8 /* RandomUserCell.m */; };
		8B4EA43DAAF83DD4E22D0099 /* libPods-RandomGuys.a in Frameworks */ = {isa = PBXBuildFile; fileRef = 55A6FE374B20E05453E916A5 /* libPods-RandomGuys.a */; };
/* End PBXBuildFile section */

/* Begin PBXFileReference section */
		1BAD0AF284DF2E57EA659E8F /* Pods-RandomGuys.debug.xcconfig */ = {isa = PBXFileReference; includeInIndex = 1; lastKnownFileType = text.xcconfig; name = "Pods-RandomGuys.debug.xcconfig"; path = "Pods/Target Support Files/Pods-RandomGuys/Pods-RandomGuys.debug.xcconfig"; sourceTree = "<group>"; };
		55A6FE374B20E05453E916A5 /* libPods-RandomGuys.a */ = {isa = PBXFileReference; explicitFileType = archive.ar; includeInIndex = 0; path = "libPods-RandomGuys.a"; sourceTree = BUILT_PRODUCTS_DIR; };
		580494511E12B1D100EC8C5B /* CoreDataStack.h */ = {isa = PBXFileReference; fileEncoding = 4; lastKnownFileType = sourcecode.c.h; path = CoreDataStack.h; sourceTree = "<group>"; };
		580494521E12B1D100EC8C5B /* CoreDataStack.m */ = {isa = PBXFileReference; fileEncoding = 4; lastKnownFileType = sourcecode.c.objc; path = CoreDataStack.m; sourceTree = "<group>"; };
		5848A7791E12D091009D38B3 /* RandomUserDetailVC.h */ = {isa = PBXFileReference; fileEncoding = 4; lastKnownFileType = sourcecode.c.h; path = RandomUserDetailVC.h; sourceTree = "<group>"; };
		5848A77A1E12D091009D38B3 /* RandomUserDetailVC.m */ = {isa = PBXFileReference; fileEncoding = 4; lastKnownFileType = sourcecode.c.objc; path = RandomUserDetailVC.m; sourceTree = "<group>"; };
		5848A77C1E12D4E7009D38B3 /* Main.storyboard */ = {isa = PBXFileReference; fileEncoding = 4; lastKnownFileType = file.storyboard; path = Main.storyboard; sourceTree = "<group>"; };
		5848A77E1E12E760009D38B3 /* RandomUserDetailCell.h */ = {isa = PBXFileReference; fileEncoding = 4; lastKnownFileType = sourcecode.c.h; path = RandomUserDetailCell.h; sourceTree = "<group>"; };
		5848A77F1E12E760009D38B3 /* RandomUserDetailCell.m */ = {isa = PBXFileReference; fileEncoding = 4; lastKnownFileType = sourcecode.c.objc; path = RandomUserDetailCell.m; sourceTree = "<group>"; };
		58E139F71E129327005BF5E8 /* RandomGuys.app */ = {isa = PBXFileReference; explicitFileType = wrapper.application; includeInIndex = 0; path = RandomGuys.app; sourceTree = BUILT_PRODUCTS_DIR; };
		58E139FB1E129327005BF5E8 /* main.m */ = {isa = PBXFileReference; lastKnownFileType = sourcecode.c.objc; path = main.m; sourceTree = "<group>"; };
		58E139FD1E129327005BF5E8 /* AppDelegate.h */ = {isa = PBXFileReference; lastKnownFileType = sourcecode.c.h; path = AppDelegate.h; sourceTree = "<group>"; };
		58E139FE1E129327005BF5E8 /* AppDelegate.m */ = {isa = PBXFileReference; lastKnownFileType = sourcecode.c.objc; path = AppDelegate.m; sourceTree = "<group>"; };
		58E13A001E129327005BF5E8 /* RandomUserListVC.h */ = {isa = PBXFileReference; lastKnownFileType = sourcecode.c.h; path = RandomUserListVC.h; sourceTree = "<group>"; };
		58E13A011E129327005BF5E8 /* RandomUserListVC.m */ = {isa = PBXFileReference; lastKnownFileType = sourcecode.c.objc; path = RandomUserListVC.m; sourceTree = "<group>"; };
		58E13A071E129328005BF5E8 /* RandomGuys.xcdatamodel */ = {isa = PBXFileReference; lastKnownFileType = wrapper.xcdatamodel; path = RandomGuys.xcdatamodel; sourceTree = "<group>"; };
		58E13A091E129328005BF5E8 /* Assets.xcassets */ = {isa = PBXFileReference; lastKnownFileType = folder.assetcatalog; path = Assets.xcassets; sourceTree = "<group>"; };
		58E13A0C1E129328005BF5E8 /* Base */ = {isa = PBXFileReference; lastKnownFileType = file.storyboard; name = Base; path = Base.lproj/LaunchScreen.storyboard; sourceTree = "<group>"; };
		58E13A0E1E129328005BF5E8 /* Info.plist */ = {isa = PBXFileReference; lastKnownFileType = text.plist.xml; path = Info.plist; sourceTree = "<group>"; };
		58E13A191E129C50005BF5E8 /* FetchRemoteRandomUsers.h */ = {isa = PBXFileReference; fileEncoding = 4; lastKnownFileType = sourcecode.c.h; path = FetchRemoteRandomUsers.h; sourceTree = "<group>"; };
		58E13A1A1E129C50005BF5E8 /* FetchRemoteRandomUsers.m */ = {isa = PBXFileReference; fileEncoding = 4; lastKnownFileType = sourcecode.c.objc; path = FetchRemoteRandomUsers.m; sourceTree = "<group>"; };
		58E13A201E129E0B005BF5E8 /* Operation.h */ = {isa = PBXFileReference; fileEncoding = 4; lastKnownFileType = sourcecode.c.h; path = Operation.h; sourceTree = "<group>"; };
		58E13A211E129E0B005BF5E8 /* Operation.m */ = {isa = PBXFileReference; fileEncoding = 4; lastKnownFileType = sourcecode.c.objc; path = Operation.m; sourceTree = "<group>"; };
		58E13A251E12AA0D005BF5E8 /* RandomUserCell.h */ = {isa = PBXFileReference; fileEncoding = 4; lastKnownFileType = sourcecode.c.h; path = RandomUserCell.h; sourceTree = "<group>"; };
		58E13A261E12AA0D005BF5E8 /* RandomUserCell.m */ = {isa = PBXFileReference; fileEncoding = 4; lastKnownFileType = sourcecode.c.objc; path = RandomUserCell.m; sourceTree = "<group>"; };
		58E13A2E1E12ACD1005BF5E8 /* Models.h */ = {isa = PBXFileReference; lastKnownFileType = sourcecode.c.h; path = Models.h; sourceTree = "<group>"; };
		F0237D9BFA2A5DFE7C5FC848 /* Pods-RandomGuys.release.xcconfig */ = {isa = PBXFileReference; includeInIndex = 1; lastKnownFileType = text.xcconfig; name = "Pods-RandomGuys.release.xcconfig"; path = "Pods/Target Support Files/Pods-RandomGuys/Pods-RandomGuys.release.xcconfig"; sourceTree = "<group>"; };
/* End PBXFileReference section */

/* Begin PBXFrameworksBuildPhase section */
		58E139F41E129327005BF5E8 /* Frameworks */ = {
			isa = PBXFrameworksBuildPhase;
			buildActionMask = 2147483647;
			files = (
				8B4EA43DAAF83DD4E22D0099 /* libPods-RandomGuys.a in Frameworks */,
			);
			runOnlyForDeploymentPostprocessing = 0;
		};
/* End PBXFrameworksBuildPhase section */

/* Begin PBXGroup section */
		490F45FBD271C308D40032B3 /* Pods */ = {
			isa = PBXGroup;
			children = (
				1BAD0AF284DF2E57EA659E8F /* Pods-RandomGuys.debug.xcconfig */,
				F0237D9BFA2A5DFE7C5FC848 /* Pods-RandomGuys.release.xcconfig */,
			);
			name = Pods;
			sourceTree = "<group>";
		};
		5848A7781E12D076009D38B3 /* RandomUserDetail */ = {
			isa = PBXGroup;
			children = (
				5848A7791E12D091009D38B3 /* RandomUserDetailVC.h */,
				5848A77A1E12D091009D38B3 /* RandomUserDetailVC.m */,
				5848A77E1E12E760009D38B3 /* RandomUserDetailCell.h */,
				5848A77F1E12E760009D38B3 /* RandomUserDetailCell.m */,
			);
			name = RandomUserDetail;
			sourceTree = "<group>";
		};
		58E139EE1E129327005BF5E8 = {
			isa = PBXGroup;
			children = (
				58E139F91E129327005BF5E8 /* RandomGuys */,
				58E139F81E129327005BF5E8 /* Products */,
				490F45FBD271C308D40032B3 /* Pods */,
				A856C2AF1054D980A328FF85 /* Frameworks */,
			);
			sourceTree = "<group>";
		};
		58E139F81E129327005BF5E8 /* Products */ = {
			isa = PBXGroup;
			children = (
				58E139F71E129327005BF5E8 /* RandomGuys.app */,
			);
			name = Products;
			sourceTree = "<group>";
		};
		58E139F91E129327005BF5E8 /* RandomGuys */ = {
			isa = PBXGroup;
			children = (
				58E13A1C1E129C5C005BF5E8 /* Models */,
				58E13A181E129C32005BF5E8 /* Operations */,
				58E13A231E12A9EC005BF5E8 /* View Controllers */,
				58E139FD1E129327005BF5E8 /* AppDelegate.h */,
				58E139FE1E129327005BF5E8 /* AppDelegate.m */,
				58E13A091E129328005BF5E8 /* Assets.xcassets */,
				58E13A0B1E129328005BF5E8 /* LaunchScreen.storyboard */,
				5848A77C1E12D4E7009D38B3 /* Main.storyboard */,
				58E13A0E1E129328005BF5E8 /* Info.plist */,
				58E13A061E129328005BF5E8 /* RandomGuys.xcdatamodeld */,
				58E139FA1E129327005BF5E8 /* Supporting Files */,
			);
			path = RandomGuys;
			sourceTree = "<group>";
		};
		58E139FA1E129327005BF5E8 /* Supporting Files */ = {
			isa = PBXGroup;
			children = (
				58E139FB1E129327005BF5E8 /* main.m */,
			);
			name = "Supporting Files";
			sourceTree = "<group>";
		};
		58E13A181E129C32005BF5E8 /* Operations */ = {
			isa = PBXGroup;
			children = (
				58E13A201E129E0B005BF5E8 /* Operation.h */,
				58E13A211E129E0B005BF5E8 /* Operation.m */,
				58E13A191E129C50005BF5E8 /* FetchRemoteRandomUsers.h */,
				58E13A1A1E129C50005BF5E8 /* FetchRemoteRandomUsers.m */,
			);
			name = Operations;
			sourceTree = "<group>";
		};
		58E13A1C1E129C5C005BF5E8 /* Models */ = {
			isa = PBXGroup;
			children = (
				58E13A2E1E12ACD1005BF5E8 /* Models.h */,
				580494511E12B1D100EC8C5B /* CoreDataStack.h */,
				580494521E12B1D100EC8C5B /* CoreDataStack.m */,
			);
			name = Models;
			sourceTree = "<group>";
		};
		58E13A231E12A9EC005BF5E8 /* View Controllers */ = {
			isa = PBXGroup;
			children = (
				5848A7781E12D076009D38B3 /* RandomUserDetail */,
				58E13A241E12A9F2005BF5E8 /* RandomUserList */,
			);
			name = "View Controllers";
			sourceTree = "<group>";
		};
		58E13A241E12A9F2005BF5E8 /* RandomUserList */ = {
			isa = PBXGroup;
			children = (
				58E13A001E129327005BF5E8 /* RandomUserListVC.h */,
				58E13A011E129327005BF5E8 /* RandomUserListVC.m */,
				58E13A251E12AA0D005BF5E8 /* RandomUserCell.h */,
				58E13A261E12AA0D005BF5E8 /* RandomUserCell.m */,
			);
			name = RandomUserList;
			sourceTree = "<group>";
		};
		A856C2AF1054D980A328FF85 /* Frameworks */ = {
			isa = PBXGroup;
			children = (
				55A6FE374B20E05453E916A5 /* libPods-RandomGuys.a */,
			);
			name = Frameworks;
			sourceTree = "<group>";
		};
/* End PBXGroup section */

/* Begin PBXNativeTarget section */
		58E139F61E129327005BF5E8 /* RandomGuys */ = {
			isa = PBXNativeTarget;
			buildConfigurationList = 58E13A111E129328005BF5E8 /* Build configuration list for PBXNativeTarget "RandomGuys" */;
			buildPhases = (
				DD29CFDC22559E6E93A94223 /* [CP] Check Pods Manifest.lock */,
				58E139F31E129327005BF5E8 /* Sources */,
				58E139F41E129327005BF5E8 /* Frameworks */,
				58E139F51E129327005BF5E8 /* Resources */,
				70BAD2AC10562DB276831CC6 /* [CP] Embed Pods Frameworks */,
				BD0EFE752AF85962B7A9EA55 /* [CP] Copy Pods Resources */,
			);
			buildRules = (
			);
			dependencies = (
			);
			name = RandomGuys;
			productName = RandomGuys;
			productReference = 58E139F71E129327005BF5E8 /* RandomGuys.app */;
			productType = "com.apple.product-type.application";
		};
/* End PBXNativeTarget section */

/* Begin PBXProject section */
		58E139EF1E129327005BF5E8 /* Project object */ = {
			isa = PBXProject;
			attributes = {
				LastUpgradeCheck = 0820;
				ORGANIZATIONNAME = "David Miotti";
				TargetAttributes = {
					58E139F61E129327005BF5E8 = {
						CreatedOnToolsVersion = 8.2.1;
						DevelopmentTeam = XNRBFC9V37;
						ProvisioningStyle = Automatic;
					};
				};
			};
			buildConfigurationList = 58E139F21E129327005BF5E8 /* Build configuration list for PBXProject "RandomGuys" */;
			compatibilityVersion = "Xcode 3.2";
			developmentRegion = English;
			hasScannedForEncodings = 0;
			knownRegions = (
				en,
				Base,
			);
			mainGroup = 58E139EE1E129327005BF5E8;
			productRefGroup = 58E139F81E129327005BF5E8 /* Products */;
			projectDirPath = "";
			projectRoot = "";
			targets = (
				58E139F61E129327005BF5E8 /* RandomGuys */,
			);
		};
/* End PBXProject section */

/* Begin PBXResourcesBuildPhase section */
		58E139F51E129327005BF5E8 /* Resources */ = {
			isa = PBXResourcesBuildPhase;
			buildActionMask = 2147483647;
			files = (
				5848A77D1E12D4E7009D38B3 /* Main.storyboard in Resources */,
				58E13A0D1E129328005BF5E8 /* LaunchScreen.storyboard in Resources */,
				58E13A0A1E129328005BF5E8 /* Assets.xcassets in Resources */,
			);
			runOnlyForDeploymentPostprocessing = 0;
		};
/* End PBXResourcesBuildPhase section */

/* Begin PBXShellScriptBuildPhase section */
		70BAD2AC10562DB276831CC6 /* [CP] Embed Pods Frameworks */ = {
			isa = PBXShellScriptBuildPhase;
			buildActionMask = 2147483647;
			files = (
			);
			inputPaths = (
			);
			name = "[CP] Embed Pods Frameworks";
			outputPaths = (
			);
			runOnlyForDeploymentPostprocessing = 0;
			shellPath = /bin/sh;
			shellScript = "\"${SRCROOT}/Pods/Target Support Files/Pods-RandomGuys/Pods-RandomGuys-frameworks.sh\"\n";
			showEnvVarsInLog = 0;
		};
		BD0EFE752AF85962B7A9EA55 /* [CP] Copy Pods Resources */ = {
			isa = PBXShellScriptBuildPhase;
			buildActionMask = 2147483647;
			files = (
			);
			inputPaths = (
			);
			name = "[CP] Copy Pods Resources";
			outputPaths = (
			);
			runOnlyForDeploymentPostprocessing = 0;
			shellPath = /bin/sh;
			shellScript = "\"${SRCROOT}/Pods/Target Support Files/Pods-RandomGuys/Pods-RandomGuys-resources.sh\"\n";
			showEnvVarsInLog = 0;
		};
		DD29CFDC22559E6E93A94223 /* [CP] Check Pods Manifest.lock */ = {
			isa = PBXShellScriptBuildPhase;
			buildActionMask = 2147483647;
			files = (
			);
			inputPaths = (
			);
			name = "[CP] Check Pods Manifest.lock";
			outputPaths = (
			);
			runOnlyForDeploymentPostprocessing = 0;
			shellPath = /bin/sh;
			shellScript = "diff \"${PODS_ROOT}/../Podfile.lock\" \"${PODS_ROOT}/Manifest.lock\" > /dev/null\nif [ $? != 0 ] ; then\n    # print error to STDERR\n    echo \"error: The sandbox is not in sync with the Podfile.lock. Run 'pod install' or update your CocoaPods installation.\" >&2\n    exit 1\nfi\n";
			showEnvVarsInLog = 0;
		};
/* End PBXShellScriptBuildPhase section */

/* Begin PBXSourcesBuildPhase section */
		58E139F31E129327005BF5E8 /* Sources */ = {
			isa = PBXSourcesBuildPhase;
			buildActionMask = 2147483647;
			files = (
				5848A7801E12E760009D38B3 /* RandomUserDetailCell.m in Sources */,
				58E13A081E129328005BF5E8 /* RandomGuys.xcdatamodeld in Sources */,
				58E13A1B1E129C50005BF5E8 /* FetchRemoteRandomUsers.m in Sources */,
				58E13A021E129327005BF5E8 /* RandomUserListVC.m in Sources */,
				580494531E12B1D100EC8C5B /* CoreDataStack.m in Sources */,
				5848A77B1E12D091009D38B3 /* RandomUserDetailVC.m in Sources */,
				58E139FF1E129327005BF5E8 /* AppDelegate.m in Sources */,
				58E13A221E129E0B005BF5E8 /* Operation.m in Sources */,
				58E139FC1E129327005BF5E8 /* main.m in Sources */,
				58E13A271E12AA0D005BF5E8 /* RandomUserCell.m in Sources */,
			);
			runOnlyForDeploymentPostprocessing = 0;
		};
/* End PBXSourcesBuildPhase section */

/* Begin PBXVariantGroup section */
		58E13A0B1E129328005BF5E8 /* LaunchScreen.storyboard */ = {
			isa = PBXVariantGroup;
			children = (
				58E13A0C1E129328005BF5E8 /* Base */,
			);
			name = LaunchScreen.storyboard;
			sourceTree = "<group>";
		};
/* End PBXVariantGroup section */

/* Begin XCBuildConfiguration section */
		58E13A0F1E129328005BF5E8 /* Debug */ = {
			isa = XCBuildConfiguration;
			buildSettings = {
				ALWAYS_SEARCH_USER_PATHS = NO;
				CLANG_ANALYZER_NONNULL = YES;
				CLANG_CXX_LANGUAGE_STANDARD = "gnu++0x";
				CLANG_CXX_LIBRARY = "libc++";
				CLANG_ENABLE_MODULES = YES;
				CLANG_ENABLE_OBJC_ARC = YES;
				CLANG_WARN_BOOL_CONVERSION = YES;
				CLANG_WARN_CONSTANT_CONVERSION = YES;
				CLANG_WARN_DIRECT_OBJC_ISA_USAGE = YES_ERROR;
				CLANG_WARN_DOCUMENTATION_COMMENTS = YES;
				CLANG_WARN_EMPTY_BODY = YES;
				CLANG_WARN_ENUM_CONVERSION = YES;
				CLANG_WARN_INFINITE_RECURSION = YES;
				CLANG_WARN_INT_CONVERSION = YES;
				CLANG_WARN_OBJC_ROOT_CLASS = YES_ERROR;
				CLANG_WARN_SUSPICIOUS_MOVE = YES;
				CLANG_WARN_UNREACHABLE_CODE = YES;
				CLANG_WARN__DUPLICATE_METHOD_MATCH = YES;
				"CODE_SIGN_IDENTITY[sdk=iphoneos*]" = "iPhone Developer";
				COPY_PHASE_STRIP = NO;
				DEBUG_INFORMATION_FORMAT = dwarf;
				ENABLE_STRICT_OBJC_MSGSEND = YES;
				ENABLE_TESTABILITY = YES;
				GCC_C_LANGUAGE_STANDARD = gnu99;
				GCC_DYNAMIC_NO_PIC = NO;
				GCC_NO_COMMON_BLOCKS = YES;
				GCC_OPTIMIZATION_LEVEL = 0;
				GCC_PREPROCESSOR_DEFINITIONS = (
					"DEBUG=1",
					"$(inherited)",
				);
				GCC_WARN_64_TO_32_BIT_CONVERSION = YES;
				GCC_WARN_ABOUT_RETURN_TYPE = YES_ERROR;
				GCC_WARN_UNDECLARED_SELECTOR = YES;
				GCC_WARN_UNINITIALIZED_AUTOS = YES_AGGRESSIVE;
				GCC_WARN_UNUSED_FUNCTION = YES;
				GCC_WARN_UNUSED_VARIABLE = YES;
				IPHONEOS_DEPLOYMENT_TARGET = 10.2;
				MTL_ENABLE_DEBUG_INFO = YES;
				ONLY_ACTIVE_ARCH = YES;
				SDKROOT = iphoneos;
				TARGETED_DEVICE_FAMILY = "1,2";
			};
			name = Debug;
		};
		58E13A101E129328005BF5E8 /* Release */ = {
			isa = XCBuildConfiguration;
			buildSettings = {
				ALWAYS_SEARCH_USER_PATHS = NO;
				CLANG_ANALYZER_NONNULL = YES;
				CLANG_CXX_LANGUAGE_STANDARD = "gnu++0x";
				CLANG_CXX_LIBRARY = "libc++";
				CLANG_ENABLE_MODULES = YES;
				CLANG_ENABLE_OBJC_ARC = YES;
				CLANG_WARN_BOOL_CONVERSION = YES;
				CLANG_WARN_CONSTANT_CONVERSION = YES;
				CLANG_WARN_DIRECT_OBJC_ISA_USAGE = YES_ERROR;
				CLANG_WARN_DOCUMENTATION_COMMENTS = YES;
				CLANG_WARN_EMPTY_BODY = YES;
				CLANG_WARN_ENUM_CONVERSION = YES;
				CLANG_WARN_INFINITE_RECURSION = YES;
				CLANG_WARN_INT_CONVERSION = YES;
				CLANG_WARN_OBJC_ROOT_CLASS = YES_ERROR;
				CLANG_WARN_SUSPICIOUS_MOVE = YES;
				CLANG_WARN_UNREACHABLE_CODE = YES;
				CLANG_WARN__DUPLICATE_METHOD_MATCH = YES;
				"CODE_SIGN_IDENTITY[sdk=iphoneos*]" = "iPhone Developer";
				COPY_PHASE_STRIP = NO;
				DEBUG_INFORMATION_FORMAT = "dwarf-with-dsym";
				ENABLE_NS_ASSERTIONS = NO;
				ENABLE_STRICT_OBJC_MSGSEND = YES;
				GCC_C_LANGUAGE_STANDARD = gnu99;
				GCC_NO_COMMON_BLOCKS = YES;
				GCC_WARN_64_TO_32_BIT_CONVERSION = YES;
				GCC_WARN_ABOUT_RETURN_TYPE = YES_ERROR;
				GCC_WARN_UNDECLARED_SELECTOR = YES;
				GCC_WARN_UNINITIALIZED_AUTOS = YES_AGGRESSIVE;
				GCC_WARN_UNUSED_FUNCTION = YES;
				GCC_WARN_UNUSED_VARIABLE = YES;
				IPHONEOS_DEPLOYMENT_TARGET = 10.2;
				MTL_ENABLE_DEBUG_INFO = NO;
				SDKROOT = iphoneos;
				TARGETED_DEVICE_FAMILY = "1,2";
				VALIDATE_PRODUCT = YES;
			};
			name = Release;
		};
		58E13A121E129328005BF5E8 /* Debug */ = {
			isa = XCBuildConfiguration;
			baseConfigurationReference = 1BAD0AF284DF2E57EA659E8F /* Pods-RandomGuys.debug.xcconfig */;
			buildSettings = {
				ASSETCATALOG_COMPILER_APPICON_NAME = AppIcon;
				DEVELOPMENT_TEAM = XNRBFC9V37;
				INFOPLIST_FILE = RandomGuys/Info.plist;
				LD_RUNPATH_SEARCH_PATHS = "$(inherited) @executable_path/Frameworks";
				PRODUCT_BUNDLE_IDENTIFIER = davidmiotti.RandomGuys;
				PRODUCT_NAME = "$(TARGET_NAME)";
			};
			name = Debug;
		};
		58E13A131E129328005BF5E8 /* Release */ = {
			isa = XCBuildConfiguration;
			baseConfigurationReference = F0237D9BFA2A5DFE7C5FC848 /* Pods-RandomGuys.release.xcconfig */;
			buildSettings = {
				ASSETCATALOG_COMPILER_APPICON_NAME = AppIcon;
				DEVELOPMENT_TEAM = XNRBFC9V37;
				INFOPLIST_FILE = RandomGuys/Info.plist;
				LD_RUNPATH_SEARCH_PATHS = "$(inherited) @executable_path/Frameworks";
				PRODUCT_BUNDLE_IDENTIFIER = davidmiotti.RandomGuys;
				PRODUCT_NAME = "$(TARGET_NAME)";
			};
			name = Release;
		};
/* End XCBuildConfiguration section */

/* Begin XCConfigurationList section */
		58E139F21E129327005BF5E8 /* Build configuration list for PBXProject "RandomGuys" */ = {
			isa = XCConfigurationList;
			buildConfigurations = (
				58E13A0F1E129328005BF5E8 /* Debug */,
				58E13A101E129328005BF5E8 /* Release */,
			);
			defaultConfigurationIsVisible = 0;
			defaultConfigurationName = Release;
		};
		58E13A111E129328005BF5E8 /* Build configuration list for PBXNativeTarget "RandomGuys" */ = {
			isa = XCConfigurationList;
			buildConfigurations = (
				58E13A121E129328005BF5E8 /* Debug */,
				58E13A131E129328005BF5E8 /* Release */,
			);
			defaultConfigurationIsVisible = 0;
			defaultConfigurationName = Release;
		};
/* End XCConfigurationList section */

/* Begin XCVersionGroup section */
		58E13A061E129328005BF5E8 /* RandomGuys.xcdatamodeld */ = {
			isa = XCVersionGroup;
			children = (
				58E13A071E129328005BF5E8 /* RandomGuys.xcdatamodel */,
			);
			currentVersion = 58E13A071E129328005BF5E8 /* RandomGuys.xcdatamodel */;
			path = RandomGuys.xcdatamodeld;
			sourceTree = "<group>";
			versionGroupType = wrapper.xcdatamodel;
		};
/* End XCVersionGroup section */
	};
	rootObject = 58E139EF1E129327005BF5E8 /* Project object */;
}
